
Microsoft Visual Studio Solution File, Format Version 12.00
# Visual Studio Version 16
VisualStudioVersion = 16.0.31005.135
MinimumVisualStudioVersion = 10.0.40219.1
Project("{FAE04EC0-301F-11D3-BF4B-00C04F79EFBC}") = "NameToDateCon", "NameToDateCon\NameToDateCon.csproj", "{811DD5F2-6647-4C8F-BA66-C59BCAF003D0}"
EndProject
Project("{FAE04EC0-301F-11D3-BF4B-00C04F79EFBC}") = "NameToDate", "NameToDate\NameToDate.csproj", "{1153908D-A80D-47BD-84D3-E2B6DCB32CA8}"
EndProject
Project("{FAE04EC0-301F-11D3-BF4B-00C04F79EFBC}") = "NameToDate.Tests", "NameToDate.Tests\NameToDate.Tests.csproj", "{6DD3CA63-3A42-4C3F-8DE9-F0D70BA287F2}"
EndProject
Global
	GlobalSection(SolutionConfigurationPlatforms) = preSolution
		Debug|Any CPU = Debug|Any CPU
		Release|Any CPU = Release|Any CPU
	EndGlobalSection
	GlobalSection(ProjectConfigurationPlatforms) = postSolution
		{811DD5F2-6647-4C8F-BA66-C59BCAF003D0}.Debug|Any CPU.ActiveCfg = Debug|Any CPU
		{811DD5F2-6647-4C8F-BA66-C59BCAF003D0}.Debug|Any CPU.Build.0 = Debug|Any CPU
		{811DD5F2-6647-4C8F-BA66-C59BCAF003D0}.Release|Any CPU.ActiveCfg = Release|Any CPU
		{811DD5F2-6647-4C8F-BA66-C59BCAF003D0}.Release|Any CPU.Build.0 = Release|Any CPU
		{1153908D-A80D-47BD-84D3-E2B6DCB32CA8}.Debug|Any CPU.ActiveCfg = Debug|Any CPU
		{1153908D-A80D-47BD-84D3-E2B6DCB32CA8}.Debug|Any CPU.Build.0 = Debug|Any CPU
		{1153908D-A80D-47BD-84D3-E2B6DCB32CA8}.Release|Any CPU.ActiveCfg = Release|Any CPU
		{1153908D-A80D-47BD-84D3-E2B6DCB32CA8}.Release|Any CPU.Build.0 = Release|Any CPU
		{6DD3CA63-3A42-4C3F-8DE9-F0D70BA287F2}.Debug|Any CPU.ActiveCfg = Debug|Any CPU
		{6DD3CA63-3A42-4C3F-8DE9-F0D70BA287F2}.Debug|Any CPU.Build.0 = Debug|Any CPU
		{6DD3CA63-3A42-4C3F-8DE9-F0D70BA287F2}.Release|Any CPU.ActiveCfg = Release|Any CPU
		{6DD3CA63-3A42-4C3F-8DE9-F0D70BA287F2}.Release|Any CPU.Build.0 = Release|Any CPU
	EndGlobalSection
	GlobalSection(SolutionProperties) = preSolution
		HideSolutionNode = FALSE
	EndGlobalSection
	GlobalSection(ExtensibilityGlobals) = postSolution
		SolutionGuid = {E4F97246-C47D-45DC-89F6-619DB2BDE786}
	EndGlobalSection
EndGlobal
